
Microsoft Visual Studio Solution File, Format Version 12.00
# Visual Studio Version 17
VisualStudioVersion = 17.10.34928.147
MinimumVisualStudioVersion = 10.0.40219.1
Project("{FAE04EC0-301F-11D3-BF4B-00C04F79EFBC}") = "kalkulator", "kalkulator\kalkulator.csproj", "{82C5FEF0-203C-49B4-930E-7D8D27B273FB}"
EndProject
Global
	GlobalSection(SolutionConfigurationPlatforms) = preSolution
		Debug|Any CPU = Debug|Any CPU
		Release|Any CPU = Release|Any CPU
	EndGlobalSection
	GlobalSection(ProjectConfigurationPlatforms) = postSolution
		{82C5FEF0-203C-49B4-930E-7D8D27B273FB}.Debug|Any CPU.ActiveCfg = Debug|Any CPU
		{82C5FEF0-203C-49B4-930E-7D8D27B273FB}.Debug|Any CPU.Build.0 = Debug|Any CPU
		{82C5FEF0-203C-49B4-930E-7D8D27B273FB}.Release|Any CPU.ActiveCfg = Release|Any CPU
		{82C5FEF0-203C-49B4-930E-7D8D27B273FB}.Release|Any CPU.Build.0 = Release|Any CPU
	EndGlobalSection
	GlobalSection(SolutionProperties) = preSolution
		HideSolutionNode = FALSE
	EndGlobalSection
	GlobalSection(ExtensibilityGlobals) = postSolution
		SolutionGuid = {D91AF8F7-3592-40ED-8733-1BEFCBA05019}
	EndGlobalSection
EndGlobal
